
Microsoft Visual Studio Solution File, Format Version 12.00
# Visual Studio 14
VisualStudioVersion = 14.0.25420.1
MinimumVisualStudioVersion = 10.0.40219.1
Project("{FAE04EC0-301F-11D3-BF4B-00C04F79EFBC}") = "MvcMusicStore", "MvcMusicStore\MvcMusicStore.csproj", "{2E8FBC7A-BC80-4100-8BB9-7B63FB922808}"
EndProject
Project("{FAE04EC0-301F-11D3-BF4B-00C04F79EFBC}") = "MvcMusicStore.Tests", "MvcMusicStore.Tests\MvcMusicStore.Tests.csproj", "{4BDF56A0-9233-4A1B-B1D6-83240C6E354C}"
EndProject
Global
	GlobalSection(SolutionConfigurationPlatforms) = preSolution
		Debug|Any CPU = Debug|Any CPU
		Release|Any CPU = Release|Any CPU
	EndGlobalSection
	GlobalSection(ProjectConfigurationPlatforms) = postSolution
		{2E8FBC7A-BC80-4100-8BB9-7B63FB922808}.Debug|Any CPU.ActiveCfg = Debug|Any CPU
		{2E8FBC7A-BC80-4100-8BB9-7B63FB922808}.Debug|Any CPU.Build.0 = Debug|Any CPU
		{2E8FBC7A-BC80-4100-8BB9-7B63FB922808}.Release|Any CPU.ActiveCfg = Release|Any CPU
		{2E8FBC7A-BC80-4100-8BB9-7B63FB922808}.Release|Any CPU.Build.0 = Release|Any CPU
		{4BDF56A0-9233-4A1B-B1D6-83240C6E354C}.Debug|Any CPU.ActiveCfg = Debug|Any CPU
		{4BDF56A0-9233-4A1B-B1D6-83240C6E354C}.Debug|Any CPU.Build.0 = Debug|Any CPU
		{4BDF56A0-9233-4A1B-B1D6-83240C6E354C}.Release|Any CPU.ActiveCfg = Release|Any CPU
		{4BDF56A0-9233-4A1B-B1D6-83240C6E354C}.Release|Any CPU.Build.0 = Release|Any CPU
	EndGlobalSection
	GlobalSection(SolutionProperties) = preSolution
		HideSolutionNode = FALSE
	EndGlobalSection
EndGlobal
